// !$*UTF8*$!
{
	archiveVersion = 1;
	classes = {
	};
	objectVersion = 56;
	objects = {

/* Begin PBXBuildFile section */
		79593C352A1A55A9000C2E43 /* DataResponse.swift in Sources */ = {isa = PBXBuildFile; fileRef = 79593C342A1A55A9000C2E43 /* DataResponse.swift */; };
		79593C372A1A55DE000C2E43 /* RemoteJob.swift in Sources */ = {isa = PBXBuildFile; fileRef = 79593C362A1A55DE000C2E43 /* RemoteJob.swift */; };
		7962D6102A192C7F00FF5CBE /* RemotiveApp.swift in Sources */ = {isa = PBXBuildFile; fileRef = 7962D60F2A192C7F00FF5CBE /* RemotiveApp.swift */; };
		7962D6122A192C7F00FF5CBE /* ContentView.swift in Sources */ = {isa = PBXBuildFile; fileRef = 7962D6112A192C7F00FF5CBE /* ContentView.swift */; };
		7962D6142A192C8100FF5CBE /* Assets.xcassets in Resources */ = {isa = PBXBuildFile; fileRef = 7962D6132A192C8100FF5CBE /* Assets.xcassets */; };
		7962D6172A192C8100FF5CBE /* Preview Assets.xcassets in Resources */ = {isa = PBXBuildFile; fileRef = 7962D6162A192C8100FF5CBE /* Preview Assets.xcassets */; };
		7962D6212A192C8100FF5CBE /* RemotiveTests.swift in Sources */ = {isa = PBXBuildFile; fileRef = 7962D6202A192C8100FF5CBE /* RemotiveTests.swift */; };
		7962D62B2A192C8100FF5CBE /* RemotiveUITests.swift in Sources */ = {isa = PBXBuildFile; fileRef = 7962D62A2A192C8100FF5CBE /* RemotiveUITests.swift */; };
		7962D62D2A192C8100FF5CBE /* RemotiveUITestsLaunchTests.swift in Sources */ = {isa = PBXBuildFile; fileRef = 7962D62C2A192C8100FF5CBE /* RemotiveUITestsLaunchTests.swift */; };
		7962D63D2A192DD700FF5CBE /* ComposableArchitecture in Frameworks */ = {isa = PBXBuildFile; productRef = 7962D63C2A192DD700FF5CBE /* ComposableArchitecture */; };
		7962D6402A1951FA00FF5CBE /* Networking.swift in Sources */ = {isa = PBXBuildFile; fileRef = 7962D63F2A1951FA00FF5CBE /* Networking.swift */; };
		7962D6432A19557700FF5CBE /* RemotiveJobs.swift in Sources */ = {isa = PBXBuildFile; fileRef = 7962D6422A19557700FF5CBE /* RemotiveJobs.swift */; };
		7962D64B2A19587700FF5CBE /* RemotiveService.swift in Sources */ = {isa = PBXBuildFile; fileRef = 7962D64A2A19587700FF5CBE /* RemotiveService.swift */; };
		7962D64E2A195A8F00FF5CBE /* CombineMoya in Frameworks */ = {isa = PBXBuildFile; productRef = 7962D64D2A195A8F00FF5CBE /* CombineMoya */; };
		7962D6502A195A8F00FF5CBE /* Moya in Frameworks */ = {isa = PBXBuildFile; productRef = 7962D64F2A195A8F00FF5CBE /* Moya */; };
/* End PBXBuildFile section */

/* Begin PBXContainerItemProxy section */
		7962D61D2A192C8100FF5CBE /* PBXContainerItemProxy */ = {
			isa = PBXContainerItemProxy;
			containerPortal = 7962D6042A192C7F00FF5CBE /* Project object */;
			proxyType = 1;
			remoteGlobalIDString = 7962D60B2A192C7F00FF5CBE;
			remoteInfo = Remotive;
		};
		7962D6272A192C8100FF5CBE /* PBXContainerItemProxy */ = {
			isa = PBXContainerItemProxy;
			containerPortal = 7962D6042A192C7F00FF5CBE /* Project object */;
			proxyType = 1;
			remoteGlobalIDString = 7962D60B2A192C7F00FF5CBE;
			remoteInfo = Remotive;
		};
/* End PBXContainerItemProxy section */

/* Begin PBXFileReference section */
		79593C342A1A55A9000C2E43 /* DataResponse.swift */ = {isa = PBXFileReference; lastKnownFileType = sourcecode.swift; path = DataResponse.swift; sourceTree = "<group>"; };
		79593C362A1A55DE000C2E43 /* RemoteJob.swift */ = {isa = PBXFileReference; lastKnownFileType = sourcecode.swift; path = RemoteJob.swift; sourceTree = "<group>"; };
		7962D60C2A192C7F00FF5CBE /* Remotive.app */ = {isa = PBXFileReference; explicitFileType = wrapper.application; includeInIndex = 0; path = Remotive.app; sourceTree = BUILT_PRODUCTS_DIR; };
		7962D60F2A192C7F00FF5CBE /* RemotiveApp.swift */ = {isa = PBXFileReference; lastKnownFileType = sourcecode.swift; path = RemotiveApp.swift; sourceTree = "<group>"; };
		7962D6112A192C7F00FF5CBE /* ContentView.swift */ = {isa = PBXFileReference; lastKnownFileType = sourcecode.swift; path = ContentView.swift; sourceTree = "<group>"; };
		7962D6132A192C8100FF5CBE /* Assets.xcassets */ = {isa = PBXFileReference; lastKnownFileType = folder.assetcatalog; path = Assets.xcassets; sourceTree = "<group>"; };
		7962D6162A192C8100FF5CBE /* Preview Assets.xcassets */ = {isa = PBXFileReference; lastKnownFileType = folder.assetcatalog; path = "Preview Assets.xcassets"; sourceTree = "<group>"; };
		7962D61C2A192C8100FF5CBE /* RemotiveTests.xctest */ = {isa = PBXFileReference; explicitFileType = wrapper.cfbundle; includeInIndex = 0; path = RemotiveTests.xctest; sourceTree = BUILT_PRODUCTS_DIR; };
		7962D6202A192C8100FF5CBE /* RemotiveTests.swift */ = {isa = PBXFileReference; lastKnownFileType = sourcecode.swift; path = RemotiveTests.swift; sourceTree = "<group>"; };
		7962D6262A192C8100FF5CBE /* RemotiveUITests.xctest */ = {isa = PBXFileReference; explicitFileType = wrapper.cfbundle; includeInIndex = 0; path = RemotiveUITests.xctest; sourceTree = BUILT_PRODUCTS_DIR; };
		7962D62A2A192C8100FF5CBE /* RemotiveUITests.swift */ = {isa = PBXFileReference; lastKnownFileType = sourcecode.swift; path = RemotiveUITests.swift; sourceTree = "<group>"; };
		7962D62C2A192C8100FF5CBE /* RemotiveUITestsLaunchTests.swift */ = {isa = PBXFileReference; lastKnownFileType = sourcecode.swift; path = RemotiveUITestsLaunchTests.swift; sourceTree = "<group>"; };
		7962D63F2A1951FA00FF5CBE /* Networking.swift */ = {isa = PBXFileReference; lastKnownFileType = sourcecode.swift; path = Networking.swift; sourceTree = "<group>"; };
		7962D6422A19557700FF5CBE /* RemotiveJobs.swift */ = {isa = PBXFileReference; lastKnownFileType = sourcecode.swift; path = RemotiveJobs.swift; sourceTree = "<group>"; };
		7962D64A2A19587700FF5CBE /* RemotiveService.swift */ = {isa = PBXFileReference; lastKnownFileType = sourcecode.swift; path = RemotiveService.swift; sourceTree = "<group>"; };
/* End PBXFileReference section */

/* Begin PBXFrameworksBuildPhase section */
		7962D6092A192C7F00FF5CBE /* Frameworks */ = {
			isa = PBXFrameworksBuildPhase;
			buildActionMask = 2147483647;
			files = (
				7962D64E2A195A8F00FF5CBE /* CombineMoya in Frameworks */,
				7962D63D2A192DD700FF5CBE /* ComposableArchitecture in Frameworks */,
				7962D6502A195A8F00FF5CBE /* Moya in Frameworks */,
			);
			runOnlyForDeploymentPostprocessing = 0;
		};
		7962D6192A192C8100FF5CBE /* Frameworks */ = {
			isa = PBXFrameworksBuildPhase;
			buildActionMask = 2147483647;
			files = (
			);
			runOnlyForDeploymentPostprocessing = 0;
		};
		7962D6232A192C8100FF5CBE /* Frameworks */ = {
			isa = PBXFrameworksBuildPhase;
			buildActionMask = 2147483647;
			files = (
			);
			runOnlyForDeploymentPostprocessing = 0;
		};
/* End PBXFrameworksBuildPhase section */

/* Begin PBXGroup section */
		7962D6032A192C7F00FF5CBE = {
			isa = PBXGroup;
			children = (
				7962D6392A192D2700FF5CBE /* App */,
				7962D60E2A192C7F00FF5CBE /* Sources */,
				7962D61F2A192C8100FF5CBE /* Tests */,
				7962D6292A192C8100FF5CBE /* RemotiveUITests */,
				7962D60D2A192C7F00FF5CBE /* Products */,
			);
			sourceTree = "<group>";
		};
		7962D60D2A192C7F00FF5CBE /* Products */ = {
			isa = PBXGroup;
			children = (
				7962D60C2A192C7F00FF5CBE /* Remotive.app */,
				7962D61C2A192C8100FF5CBE /* RemotiveTests.xctest */,
				7962D6262A192C8100FF5CBE /* RemotiveUITests.xctest */,
			);
			name = Products;
			sourceTree = "<group>";
		};
		7962D60E2A192C7F00FF5CBE /* Sources */ = {
			isa = PBXGroup;
			children = (
				7962D6512A1A2C8100FF5CBE /* Domain */,
				7962D63E2A1951EC00FF5CBE /* Networking */,
				7962D60F2A192C7F00FF5CBE /* RemotiveApp.swift */,
				7962D6112A192C7F00FF5CBE /* ContentView.swift */,
			);
			path = Sources;
			sourceTree = "<group>";
		};
		7962D6152A192C8100FF5CBE /* Preview Content */ = {
			isa = PBXGroup;
			children = (
				7962D6162A192C8100FF5CBE /* Preview Assets.xcassets */,
			);
			path = "Preview Content";
			sourceTree = "<group>";
		};
		7962D61F2A192C8100FF5CBE /* Tests */ = {
			isa = PBXGroup;
			children = (
				7962D6202A192C8100FF5CBE /* RemotiveTests.swift */,
			);
			path = Tests;
			sourceTree = "<group>";
		};
		7962D6292A192C8100FF5CBE /* RemotiveUITests */ = {
			isa = PBXGroup;
			children = (
				7962D62A2A192C8100FF5CBE /* RemotiveUITests.swift */,
				7962D62C2A192C8100FF5CBE /* RemotiveUITestsLaunchTests.swift */,
			);
			path = RemotiveUITests;
			sourceTree = "<group>";
		};
		7962D6392A192D2700FF5CBE /* App */ = {
			isa = PBXGroup;
			children = (
				7962D63A2A192D3600FF5CBE /* Resources */,
			);
			path = App;
			sourceTree = "<group>";
		};
		7962D63A2A192D3600FF5CBE /* Resources */ = {
			isa = PBXGroup;
			children = (
				7962D6152A192C8100FF5CBE /* Preview Content */,
				7962D6132A192C8100FF5CBE /* Assets.xcassets */,
			);
			path = Resources;
			sourceTree = "<group>";
		};
		7962D63E2A1951EC00FF5CBE /* Networking */ = {
			isa = PBXGroup;
			children = (
				7962D6492A1957D600FF5CBE /* Services */,
				7962D6412A19556600FF5CBE /* Targets */,
				7962D63F2A1951FA00FF5CBE /* Networking.swift */,
			);
			path = Networking;
			sourceTree = "<group>";
		};
		7962D6412A19556600FF5CBE /* Targets */ = {
			isa = PBXGroup;
			children = (
				7962D6422A19557700FF5CBE /* RemotiveJobs.swift */,
			);
			path = Targets;
			sourceTree = "<group>";
		};
		7962D6492A1957D600FF5CBE /* Services */ = {
			isa = PBXGroup;
			children = (
				7962D64A2A19587700FF5CBE /* RemotiveService.swift */,
			);
			path = Services;
			sourceTree = "<group>";
		};
		7962D6512A1A2C8100FF5CBE /* Domain */ = {
			isa = PBXGroup;
			children = (
				7962D6522A1A2C8900FF5CBE /* Models */,
			);
			path = Domain;
			sourceTree = "<group>";
		};
		7962D6522A1A2C8900FF5CBE /* Models */ = {
			isa = PBXGroup;
			children = (
				79593C342A1A55A9000C2E43 /* DataResponse.swift */,
				79593C362A1A55DE000C2E43 /* RemoteJob.swift */,
			);
			path = Models;
			sourceTree = "<group>";
		};
/* End PBXGroup section */

/* Begin PBXNativeTarget section */
		7962D60B2A192C7F00FF5CBE /* Remotive */ = {
			isa = PBXNativeTarget;
			buildConfigurationList = 7962D6302A192C8100FF5CBE /* Build configuration list for PBXNativeTarget "Remotive" */;
			buildPhases = (
				7962D6082A192C7F00FF5CBE /* Sources */,
				7962D6092A192C7F00FF5CBE /* Frameworks */,
				7962D60A2A192C7F00FF5CBE /* Resources */,
			);
			buildRules = (
			);
			dependencies = (
			);
			name = Remotive;
			packageProductDependencies = (
				7962D63C2A192DD700FF5CBE /* ComposableArchitecture */,
				7962D64D2A195A8F00FF5CBE /* CombineMoya */,
				7962D64F2A195A8F00FF5CBE /* Moya */,
			);
			productName = Remotive;
			productReference = 7962D60C2A192C7F00FF5CBE /* Remotive.app */;
			productType = "com.apple.product-type.application";
		};
		7962D61B2A192C8100FF5CBE /* RemotiveTests */ = {
			isa = PBXNativeTarget;
			buildConfigurationList = 7962D6332A192C8100FF5CBE /* Build configuration list for PBXNativeTarget "RemotiveTests" */;
			buildPhases = (
				7962D6182A192C8100FF5CBE /* Sources */,
				7962D6192A192C8100FF5CBE /* Frameworks */,
				7962D61A2A192C8100FF5CBE /* Resources */,
			);
			buildRules = (
			);
			dependencies = (
				7962D61E2A192C8100FF5CBE /* PBXTargetDependency */,
			);
			name = RemotiveTests;
			productName = RemotiveTests;
			productReference = 7962D61C2A192C8100FF5CBE /* RemotiveTests.xctest */;
			productType = "com.apple.product-type.bundle.unit-test";
		};
		7962D6252A192C8100FF5CBE /* RemotiveUITests */ = {
			isa = PBXNativeTarget;
			buildConfigurationList = 7962D6362A192C8100FF5CBE /* Build configuration list for PBXNativeTarget "RemotiveUITests" */;
			buildPhases = (
				7962D6222A192C8100FF5CBE /* Sources */,
				7962D6232A192C8100FF5CBE /* Frameworks */,
				7962D6242A192C8100FF5CBE /* Resources */,
			);
			buildRules = (
			);
			dependencies = (
				7962D6282A192C8100FF5CBE /* PBXTargetDependency */,
			);
			name = RemotiveUITests;
			productName = RemotiveUITests;
			productReference = 7962D6262A192C8100FF5CBE /* RemotiveUITests.xctest */;
			productType = "com.apple.product-type.bundle.ui-testing";
		};
/* End PBXNativeTarget section */

/* Begin PBXProject section */
		7962D6042A192C7F00FF5CBE /* Project object */ = {
			isa = PBXProject;
			attributes = {
				BuildIndependentTargetsInParallel = 1;
				LastSwiftUpdateCheck = 1430;
				LastUpgradeCheck = 1430;
				TargetAttributes = {
					7962D60B2A192C7F00FF5CBE = {
						CreatedOnToolsVersion = 14.3;
					};
					7962D61B2A192C8100FF5CBE = {
						CreatedOnToolsVersion = 14.3;
						TestTargetID = 7962D60B2A192C7F00FF5CBE;
					};
					7962D6252A192C8100FF5CBE = {
						CreatedOnToolsVersion = 14.3;
						TestTargetID = 7962D60B2A192C7F00FF5CBE;
					};
				};
			};
			buildConfigurationList = 7962D6072A192C7F00FF5CBE /* Build configuration list for PBXProject "Remotive" */;
			compatibilityVersion = "Xcode 14.0";
			developmentRegion = en;
			hasScannedForEncodings = 0;
			knownRegions = (
				en,
				Base,
			);
			mainGroup = 7962D6032A192C7F00FF5CBE;
			packageReferences = (
				7962D63B2A192DD700FF5CBE /* XCRemoteSwiftPackageReference "swift-composable-architecture" */,
				7962D64C2A195A8F00FF5CBE /* XCRemoteSwiftPackageReference "Moya" */,
			);
			productRefGroup = 7962D60D2A192C7F00FF5CBE /* Products */;
			projectDirPath = "";
			projectRoot = "";
			targets = (
				7962D60B2A192C7F00FF5CBE /* Remotive */,
				7962D61B2A192C8100FF5CBE /* RemotiveTests */,
				7962D6252A192C8100FF5CBE /* RemotiveUITests */,
			);
		};
/* End PBXProject section */

/* Begin PBXResourcesBuildPhase section */
		7962D60A2A192C7F00FF5CBE /* Resources */ = {
			isa = PBXResourcesBuildPhase;
			buildActionMask = 2147483647;
			files = (
				7962D6172A192C8100FF5CBE /* Preview Assets.xcassets in Resources */,
				7962D6142A192C8100FF5CBE /* Assets.xcassets in Resources */,
			);
			runOnlyForDeploymentPostprocessing = 0;
		};
		7962D61A2A192C8100FF5CBE /* Resources */ = {
			isa = PBXResourcesBuildPhase;
			buildActionMask = 2147483647;
			files = (
			);
			runOnlyForDeploymentPostprocessing = 0;
		};
		7962D6242A192C8100FF5CBE /* Resources */ = {
			isa = PBXResourcesBuildPhase;
			buildActionMask = 2147483647;
			files = (
			);
			runOnlyForDeploymentPostprocessing = 0;
		};
/* End PBXResourcesBuildPhase section */

/* Begin PBXSourcesBuildPhase section */
		7962D6082A192C7F00FF5CBE /* Sources */ = {
			isa = PBXSourcesBuildPhase;
			buildActionMask = 2147483647;
			files = (
				7962D6402A1951FA00FF5CBE /* Networking.swift in Sources */,
				7962D6122A192C7F00FF5CBE /* ContentView.swift in Sources */,
				79593C372A1A55DE000C2E43 /* RemoteJob.swift in Sources */,
				7962D6432A19557700FF5CBE /* RemotiveJobs.swift in Sources */,
				7962D6102A192C7F00FF5CBE /* RemotiveApp.swift in Sources */,
				79593C352A1A55A9000C2E43 /* DataResponse.swift in Sources */,
				7962D64B2A19587700FF5CBE /* RemotiveService.swift in Sources */,
			);
			runOnlyForDeploymentPostprocessing = 0;
		};
		7962D6182A192C8100FF5CBE /* Sources */ = {
			isa = PBXSourcesBuildPhase;
			buildActionMask = 2147483647;
			files = (
				7962D6212A192C8100FF5CBE /* RemotiveTests.swift in Sources */,
			);
			runOnlyForDeploymentPostprocessing = 0;
		};
		7962D6222A192C8100FF5CBE /* Sources */ = {
			isa = PBXSourcesBuildPhase;
			buildActionMask = 2147483647;
			files = (
				7962D62D2A192C8100FF5CBE /* RemotiveUITestsLaunchTests.swift in Sources */,
				7962D62B2A192C8100FF5CBE /* RemotiveUITests.swift in Sources */,
			);
			runOnlyForDeploymentPostprocessing = 0;
		};
/* End PBXSourcesBuildPhase section */

/* Begin PBXTargetDependency section */
		7962D61E2A192C8100FF5CBE /* PBXTargetDependency */ = {
			isa = PBXTargetDependency;
			target = 7962D60B2A192C7F00FF5CBE /* Remotive */;
			targetProxy = 7962D61D2A192C8100FF5CBE /* PBXContainerItemProxy */;
		};
		7962D6282A192C8100FF5CBE /* PBXTargetDependency */ = {
			isa = PBXTargetDependency;
			target = 7962D60B2A192C7F00FF5CBE /* Remotive */;
			targetProxy = 7962D6272A192C8100FF5CBE /* PBXContainerItemProxy */;
		};
/* End PBXTargetDependency section */

/* Begin XCBuildConfiguration section */
		7962D62E2A192C8100FF5CBE /* Debug */ = {
			isa = XCBuildConfiguration;
			buildSettings = {
				ALWAYS_SEARCH_USER_PATHS = NO;
				CLANG_ANALYZER_NONNULL = YES;
				CLANG_ANALYZER_NUMBER_OBJECT_CONVERSION = YES_AGGRESSIVE;
				CLANG_CXX_LANGUAGE_STANDARD = "gnu++20";
				CLANG_ENABLE_MODULES = YES;
				CLANG_ENABLE_OBJC_ARC = YES;
				CLANG_ENABLE_OBJC_WEAK = YES;
				CLANG_WARN_BLOCK_CAPTURE_AUTORELEASING = YES;
				CLANG_WARN_BOOL_CONVERSION = YES;
				CLANG_WARN_COMMA = YES;
				CLANG_WARN_CONSTANT_CONVERSION = YES;
				CLANG_WARN_DEPRECATED_OBJC_IMPLEMENTATIONS = YES;
				CLANG_WARN_DIRECT_OBJC_ISA_USAGE = YES_ERROR;
				CLANG_WARN_DOCUMENTATION_COMMENTS = YES;
				CLANG_WARN_EMPTY_BODY = YES;
				CLANG_WARN_ENUM_CONVERSION = YES;
				CLANG_WARN_INFINITE_RECURSION = YES;
				CLANG_WARN_INT_CONVERSION = YES;
				CLANG_WARN_NON_LITERAL_NULL_CONVERSION = YES;
				CLANG_WARN_OBJC_IMPLICIT_RETAIN_SELF = YES;
				CLANG_WARN_OBJC_LITERAL_CONVERSION = YES;
				CLANG_WARN_OBJC_ROOT_CLASS = YES_ERROR;
				CLANG_WARN_QUOTED_INCLUDE_IN_FRAMEWORK_HEADER = YES;
				CLANG_WARN_RANGE_LOOP_ANALYSIS = YES;
				CLANG_WARN_STRICT_PROTOTYPES = YES;
				CLANG_WARN_SUSPICIOUS_MOVE = YES;
				CLANG_WARN_UNGUARDED_AVAILABILITY = YES_AGGRESSIVE;
				CLANG_WARN_UNREACHABLE_CODE = YES;
				CLANG_WARN__DUPLICATE_METHOD_MATCH = YES;
				COPY_PHASE_STRIP = NO;
				DEBUG_INFORMATION_FORMAT = dwarf;
				ENABLE_STRICT_OBJC_MSGSEND = YES;
				ENABLE_TESTABILITY = YES;
				GCC_C_LANGUAGE_STANDARD = gnu11;
				GCC_DYNAMIC_NO_PIC = NO;
				GCC_NO_COMMON_BLOCKS = YES;
				GCC_OPTIMIZATION_LEVEL = 0;
				GCC_PREPROCESSOR_DEFINITIONS = (
					"DEBUG=1",
					"$(inherited)",
				);
				GCC_WARN_64_TO_32_BIT_CONVERSION = YES;
				GCC_WARN_ABOUT_RETURN_TYPE = YES_ERROR;
				GCC_WARN_UNDECLARED_SELECTOR = YES;
				GCC_WARN_UNINITIALIZED_AUTOS = YES_AGGRESSIVE;
				GCC_WARN_UNUSED_FUNCTION = YES;
				GCC_WARN_UNUSED_VARIABLE = YES;
				IPHONEOS_DEPLOYMENT_TARGET = 16.4;
				MTL_ENABLE_DEBUG_INFO = INCLUDE_SOURCE;
				MTL_FAST_MATH = YES;
				ONLY_ACTIVE_ARCH = YES;
				SDKROOT = iphoneos;
				SWIFT_ACTIVE_COMPILATION_CONDITIONS = DEBUG;
				SWIFT_OPTIMIZATION_LEVEL = "-Onone";
			};
			name = Debug;
		};
		7962D62F2A192C8100FF5CBE /* Release */ = {
			isa = XCBuildConfiguration;
			buildSettings = {
				ALWAYS_SEARCH_USER_PATHS = NO;
				CLANG_ANALYZER_NONNULL = YES;
				CLANG_ANALYZER_NUMBER_OBJECT_CONVERSION = YES_AGGRESSIVE;
				CLANG_CXX_LANGUAGE_STANDARD = "gnu++20";
				CLANG_ENABLE_MODULES = YES;
				CLANG_ENABLE_OBJC_ARC = YES;
				CLANG_ENABLE_OBJC_WEAK = YES;
				CLANG_WARN_BLOCK_CAPTURE_AUTORELEASING = YES;
				CLANG_WARN_BOOL_CONVERSION = YES;
				CLANG_WARN_COMMA = YES;
				CLANG_WARN_CONSTANT_CONVERSION = YES;
				CLANG_WARN_DEPRECATED_OBJC_IMPLEMENTATIONS = YES;
				CLANG_WARN_DIRECT_OBJC_ISA_USAGE = YES_ERROR;
				CLANG_WARN_DOCUMENTATION_COMMENTS = YES;
				CLANG_WARN_EMPTY_BODY = YES;
				CLANG_WARN_ENUM_CONVERSION = YES;
				CLANG_WARN_INFINITE_RECURSION = YES;
				CLANG_WARN_INT_CONVERSION = YES;
				CLANG_WARN_NON_LITERAL_NULL_CONVERSION = YES;
				CLANG_WARN_OBJC_IMPLICIT_RETAIN_SELF = YES;
				CLANG_WARN_OBJC_LITERAL_CONVERSION = YES;
				CLANG_WARN_OBJC_ROOT_CLASS = YES_ERROR;
				CLANG_WARN_QUOTED_INCLUDE_IN_FRAMEWORK_HEADER = YES;
				CLANG_WARN_RANGE_LOOP_ANALYSIS = YES;
				CLANG_WARN_STRICT_PROTOTYPES = YES;
				CLANG_WARN_SUSPICIOUS_MOVE = YES;
				CLANG_WARN_UNGUARDED_AVAILABILITY = YES_AGGRESSIVE;
				CLANG_WARN_UNREACHABLE_CODE = YES;
				CLANG_WARN__DUPLICATE_METHOD_MATCH = YES;
				COPY_PHASE_STRIP = NO;
				DEBUG_INFORMATION_FORMAT = "dwarf-with-dsym";
				ENABLE_NS_ASSERTIONS = NO;
				ENABLE_STRICT_OBJC_MSGSEND = YES;
				GCC_C_LANGUAGE_STANDARD = gnu11;
				GCC_NO_COMMON_BLOCKS = YES;
				GCC_WARN_64_TO_32_BIT_CONVERSION = YES;
				GCC_WARN_ABOUT_RETURN_TYPE = YES_ERROR;
				GCC_WARN_UNDECLARED_SELECTOR = YES;
				GCC_WARN_UNINITIALIZED_AUTOS = YES_AGGRESSIVE;
				GCC_WARN_UNUSED_FUNCTION = YES;
				GCC_WARN_UNUSED_VARIABLE = YES;
				IPHONEOS_DEPLOYMENT_TARGET = 16.4;
				MTL_ENABLE_DEBUG_INFO = NO;
				MTL_FAST_MATH = YES;
				SDKROOT = iphoneos;
				SWIFT_COMPILATION_MODE = wholemodule;
				SWIFT_OPTIMIZATION_LEVEL = "-O";
				VALIDATE_PRODUCT = YES;
			};
			name = Release;
		};
		7962D6312A192C8100FF5CBE /* Debug */ = {
			isa = XCBuildConfiguration;
			buildSettings = {
				ASSETCATALOG_COMPILER_APPICON_NAME = AppIcon;
				ASSETCATALOG_COMPILER_GLOBAL_ACCENT_COLOR_NAME = AccentColor;
				CODE_SIGN_STYLE = Automatic;
				CURRENT_PROJECT_VERSION = 1;
				DEVELOPMENT_ASSET_PATHS = "\"App/Resources/Preview Content\"";
				DEVELOPMENT_TEAM = 6SR4JWJD54;
				ENABLE_PREVIEWS = YES;
				GENERATE_INFOPLIST_FILE = YES;
				INFOPLIST_KEY_UIApplicationSceneManifest_Generation = YES;
				INFOPLIST_KEY_UIApplicationSupportsIndirectInputEvents = YES;
				INFOPLIST_KEY_UILaunchScreen_Generation = YES;
				INFOPLIST_KEY_UISupportedInterfaceOrientations_iPad = "UIInterfaceOrientationPortrait UIInterfaceOrientationPortraitUpsideDown UIInterfaceOrientationLandscapeLeft UIInterfaceOrientationLandscapeRight";
				INFOPLIST_KEY_UISupportedInterfaceOrientations_iPhone = "UIInterfaceOrientationPortrait UIInterfaceOrientationLandscapeLeft UIInterfaceOrientationLandscapeRight";
				LD_RUNPATH_SEARCH_PATHS = (
					"$(inherited)",
					"@executable_path/Frameworks",
				);
				MARKETING_VERSION = 1.0;
				PRODUCT_BUNDLE_IDENTIFIER = com.tornike.Remotive;
				PRODUCT_NAME = "$(TARGET_NAME)";
				SWIFT_EMIT_LOC_STRINGS = YES;
				SWIFT_VERSION = 5.0;
				TARGETED_DEVICE_FAMILY = "1,2";
			};
			name = Debug;
		};
		7962D6322A192C8100FF5CBE /* Release */ = {
			isa = XCBuildConfiguration;
			buildSettings = {
				ASSETCATALOG_COMPILER_APPICON_NAME = AppIcon;
				ASSETCATALOG_COMPILER_GLOBAL_ACCENT_COLOR_NAME = AccentColor;
				CODE_SIGN_STYLE = Automatic;
				CURRENT_PROJECT_VERSION = 1;
				DEVELOPMENT_ASSET_PATHS = "\"App/Resources/Preview Content\"";
				DEVELOPMENT_TEAM = 6SR4JWJD54;
				ENABLE_PREVIEWS = YES;
				GENERATE_INFOPLIST_FILE = YES;
				INFOPLIST_KEY_UIApplicationSceneManifest_Generation = YES;
				INFOPLIST_KEY_UIApplicationSupportsIndirectInputEvents = YES;
				INFOPLIST_KEY_UILaunchScreen_Generation = YES;
				INFOPLIST_KEY_UISupportedInterfaceOrientations_iPad = "UIInterfaceOrientationPortrait UIInterfaceOrientationPortraitUpsideDown UIInterfaceOrientationLandscapeLeft UIInterfaceOrientationLandscapeRight";
				INFOPLIST_KEY_UISupportedInterfaceOrientations_iPhone = "UIInterfaceOrientationPortrait UIInterfaceOrientationLandscapeLeft UIInterfaceOrientationLandscapeRight";
				LD_RUNPATH_SEARCH_PATHS = (
					"$(inherited)",
					"@executable_path/Frameworks",
				);
				MARKETING_VERSION = 1.0;
				PRODUCT_BUNDLE_IDENTIFIER = com.tornike.Remotive;
				PRODUCT_NAME = "$(TARGET_NAME)";
				SWIFT_EMIT_LOC_STRINGS = YES;
				SWIFT_VERSION = 5.0;
				TARGETED_DEVICE_FAMILY = "1,2";
			};
			name = Release;
		};
		7962D6342A192C8100FF5CBE /* Debug */ = {
			isa = XCBuildConfiguration;
			buildSettings = {
				ALWAYS_EMBED_SWIFT_STANDARD_LIBRARIES = YES;
				BUNDLE_LOADER = "$(TEST_HOST)";
				CODE_SIGN_STYLE = Automatic;
				CURRENT_PROJECT_VERSION = 1;
				DEVELOPMENT_TEAM = 6SR4JWJD54;
				GENERATE_INFOPLIST_FILE = YES;
				IPHONEOS_DEPLOYMENT_TARGET = 16.4;
				MARKETING_VERSION = 1.0;
				PRODUCT_BUNDLE_IDENTIFIER = com.tornike.RemotiveTests;
				PRODUCT_NAME = "$(TARGET_NAME)";
				SWIFT_EMIT_LOC_STRINGS = NO;
				SWIFT_VERSION = 5.0;
				TARGETED_DEVICE_FAMILY = "1,2";
				TEST_HOST = "$(BUILT_PRODUCTS_DIR)/Remotive.app/$(BUNDLE_EXECUTABLE_FOLDER_PATH)/Remotive";
			};
			name = Debug;
		};
		7962D6352A192C8100FF5CBE /* Release */ = {
			isa = XCBuildConfiguration;
			buildSettings = {
				ALWAYS_EMBED_SWIFT_STANDARD_LIBRARIES = YES;
				BUNDLE_LOADER = "$(TEST_HOST)";
				CODE_SIGN_STYLE = Automatic;
				CURRENT_PROJECT_VERSION = 1;
				DEVELOPMENT_TEAM = 6SR4JWJD54;
				GENERATE_INFOPLIST_FILE = YES;
				IPHONEOS_DEPLOYMENT_TARGET = 16.4;
				MARKETING_VERSION = 1.0;
				PRODUCT_BUNDLE_IDENTIFIER = com.tornike.RemotiveTests;
				PRODUCT_NAME = "$(TARGET_NAME)";
				SWIFT_EMIT_LOC_STRINGS = NO;
				SWIFT_VERSION = 5.0;
				TARGETED_DEVICE_FAMILY = "1,2";
				TEST_HOST = "$(BUILT_PRODUCTS_DIR)/Remotive.app/$(BUNDLE_EXECUTABLE_FOLDER_PATH)/Remotive";
			};
			name = Release;
		};
		7962D6372A192C8100FF5CBE /* Debug */ = {
			isa = XCBuildConfiguration;
			buildSettings = {
				ALWAYS_EMBED_SWIFT_STANDARD_LIBRARIES = YES;
				CODE_SIGN_STYLE = Automatic;
				CURRENT_PROJECT_VERSION = 1;
				DEVELOPMENT_TEAM = 6SR4JWJD54;
				GENERATE_INFOPLIST_FILE = YES;
				MARKETING_VERSION = 1.0;
				PRODUCT_BUNDLE_IDENTIFIER = com.tornike.RemotiveUITests;
				PRODUCT_NAME = "$(TARGET_NAME)";
				SWIFT_EMIT_LOC_STRINGS = NO;
				SWIFT_VERSION = 5.0;
				TARGETED_DEVICE_FAMILY = "1,2";
				TEST_TARGET_NAME = Remotive;
			};
			name = Debug;
		};
		7962D6382A192C8100FF5CBE /* Release */ = {
			isa = XCBuildConfiguration;
			buildSettings = {
				ALWAYS_EMBED_SWIFT_STANDARD_LIBRARIES = YES;
				CODE_SIGN_STYLE = Automatic;
				CURRENT_PROJECT_VERSION = 1;
				DEVELOPMENT_TEAM = 6SR4JWJD54;
				GENERATE_INFOPLIST_FILE = YES;
				MARKETING_VERSION = 1.0;
				PRODUCT_BUNDLE_IDENTIFIER = com.tornike.RemotiveUITests;
				PRODUCT_NAME = "$(TARGET_NAME)";
				SWIFT_EMIT_LOC_STRINGS = NO;
				SWIFT_VERSION = 5.0;
				TARGETED_DEVICE_FAMILY = "1,2";
				TEST_TARGET_NAME = Remotive;
			};
			name = Release;
		};
/* End XCBuildConfiguration section */

/* Begin XCConfigurationList section */
		7962D6072A192C7F00FF5CBE /* Build configuration list for PBXProject "Remotive" */ = {
			isa = XCConfigurationList;
			buildConfigurations = (
				7962D62E2A192C8100FF5CBE /* Debug */,
				7962D62F2A192C8100FF5CBE /* Release */,
			);
			defaultConfigurationIsVisible = 0;
			defaultConfigurationName = Release;
		};
		7962D6302A192C8100FF5CBE /* Build configuration list for PBXNativeTarget "Remotive" */ = {
			isa = XCConfigurationList;
			buildConfigurations = (
				7962D6312A192C8100FF5CBE /* Debug */,
				7962D6322A192C8100FF5CBE /* Release */,
			);
			defaultConfigurationIsVisible = 0;
			defaultConfigurationName = Release;
		};
		7962D6332A192C8100FF5CBE /* Build configuration list for PBXNativeTarget "RemotiveTests" */ = {
			isa = XCConfigurationList;
			buildConfigurations = (
				7962D6342A192C8100FF5CBE /* Debug */,
				7962D6352A192C8100FF5CBE /* Release */,
			);
			defaultConfigurationIsVisible = 0;
			defaultConfigurationName = Release;
		};
		7962D6362A192C8100FF5CBE /* Build configuration list for PBXNativeTarget "RemotiveUITests" */ = {
			isa = XCConfigurationList;
			buildConfigurations = (
				7962D6372A192C8100FF5CBE /* Debug */,
				7962D6382A192C8100FF5CBE /* Release */,
			);
			defaultConfigurationIsVisible = 0;
			defaultConfigurationName = Release;
		};
/* End XCConfigurationList section */

/* Begin XCRemoteSwiftPackageReference section */
		7962D63B2A192DD700FF5CBE /* XCRemoteSwiftPackageReference "swift-composable-architecture" */ = {
			isa = XCRemoteSwiftPackageReference;
			repositoryURL = "https://github.com/pointfreeco/swift-composable-architecture";
			requirement = {
				kind = upToNextMajorVersion;
				minimumVersion = 0.53.2;
			};
		};
		7962D64C2A195A8F00FF5CBE /* XCRemoteSwiftPackageReference "Moya" */ = {
			isa = XCRemoteSwiftPackageReference;
			repositoryURL = "https://github.com/Moya/Moya";
			requirement = {
				kind = upToNextMajorVersion;
				minimumVersion = 15.0.0;
			};
		};
/* End XCRemoteSwiftPackageReference section */

/* Begin XCSwiftPackageProductDependency section */
		7962D63C2A192DD700FF5CBE /* ComposableArchitecture */ = {
			isa = XCSwiftPackageProductDependency;
			package = 7962D63B2A192DD700FF5CBE /* XCRemoteSwiftPackageReference "swift-composable-architecture" */;
			productName = ComposableArchitecture;
		};
		7962D64D2A195A8F00FF5CBE /* CombineMoya */ = {
			isa = XCSwiftPackageProductDependency;
			package = 7962D64C2A195A8F00FF5CBE /* XCRemoteSwiftPackageReference "Moya" */;
			productName = CombineMoya;
		};
		7962D64F2A195A8F00FF5CBE /* Moya */ = {
			isa = XCSwiftPackageProductDependency;
			package = 7962D64C2A195A8F00FF5CBE /* XCRemoteSwiftPackageReference "Moya" */;
			productName = Moya;
		};
/* End XCSwiftPackageProductDependency section */
	};
	rootObject = 7962D6042A192C7F00FF5CBE /* Project object */;
}
